
Microsoft Visual Studio Solution File, Format Version 12.00
# Visual Studio Version 17
VisualStudioVersion = 17.2.32616.157
MinimumVisualStudioVersion = 10.0.40219.1
Project("{2150E333-8FDC-42A3-9474-1A3956D46DE8}") = "SGVE-web", "SGVE-web", "{4C54E6DD-815D-435A-BBF1-B3D940BDF336}"
EndProject
Project("{2150E333-8FDC-42A3-9474-1A3956D46DE8}") = "SGVE-api", "SGVE-api", "{AE3522F8-28A5-4AFE-BD0C-E9CB5850E445}"
EndProject
Project("{9A19103F-16F7-4668-BE54-9A1E7A4F7556}") = "SGVE-api", "SGVE-api\SGVE-api.csproj", "{BB550067-E9DC-46F4-BE95-ED2E89DC16D6}"
EndProject
Project("{9A19103F-16F7-4668-BE54-9A1E7A4F7556}") = "SGVE-web", "SGVE-web\SGVE-web.csproj", "{EDBC680F-92EC-4F08-869E-3595AE3C7FD6}"
EndProject
Project("{9A19103F-16F7-4668-BE54-9A1E7A4F7556}") = "SGVE.IdentityServer", "SGVE.IdentityServer\SGVE.IdentityServer.csproj", "{B8F543D6-A666-431C-B355-A0CFCA45AF47}"
EndProject
Project("{FAE04EC0-301F-11D3-BF4B-00C04F79EFBC}") = "SGVE.Cart", "SGVE.Cart\SGVE.Cart.csproj", "{89F9013D-3E45-4FE1-864A-DF9758C9FDFE}"
EndProject
Global
	GlobalSection(SolutionConfigurationPlatforms) = preSolution
		Debug|Any CPU = Debug|Any CPU
		Release|Any CPU = Release|Any CPU
	EndGlobalSection
	GlobalSection(ProjectConfigurationPlatforms) = postSolution
		{BB550067-E9DC-46F4-BE95-ED2E89DC16D6}.Debug|Any CPU.ActiveCfg = Debug|Any CPU
		{BB550067-E9DC-46F4-BE95-ED2E89DC16D6}.Debug|Any CPU.Build.0 = Debug|Any CPU
		{BB550067-E9DC-46F4-BE95-ED2E89DC16D6}.Release|Any CPU.ActiveCfg = Release|Any CPU
		{BB550067-E9DC-46F4-BE95-ED2E89DC16D6}.Release|Any CPU.Build.0 = Release|Any CPU
		{EDBC680F-92EC-4F08-869E-3595AE3C7FD6}.Debug|Any CPU.ActiveCfg = Debug|Any CPU
		{EDBC680F-92EC-4F08-869E-3595AE3C7FD6}.Debug|Any CPU.Build.0 = Debug|Any CPU
		{EDBC680F-92EC-4F08-869E-3595AE3C7FD6}.Release|Any CPU.ActiveCfg = Release|Any CPU
		{EDBC680F-92EC-4F08-869E-3595AE3C7FD6}.Release|Any CPU.Build.0 = Release|Any CPU
		{B8F543D6-A666-431C-B355-A0CFCA45AF47}.Debug|Any CPU.ActiveCfg = Debug|Any CPU
		{B8F543D6-A666-431C-B355-A0CFCA45AF47}.Debug|Any CPU.Build.0 = Debug|Any CPU
		{B8F543D6-A666-431C-B355-A0CFCA45AF47}.Release|Any CPU.ActiveCfg = Release|Any CPU
		{B8F543D6-A666-431C-B355-A0CFCA45AF47}.Release|Any CPU.Build.0 = Release|Any CPU
		{89F9013D-3E45-4FE1-864A-DF9758C9FDFE}.Debug|Any CPU.ActiveCfg = Debug|Any CPU
		{89F9013D-3E45-4FE1-864A-DF9758C9FDFE}.Debug|Any CPU.Build.0 = Debug|Any CPU
		{89F9013D-3E45-4FE1-864A-DF9758C9FDFE}.Release|Any CPU.ActiveCfg = Release|Any CPU
		{89F9013D-3E45-4FE1-864A-DF9758C9FDFE}.Release|Any CPU.Build.0 = Release|Any CPU
	EndGlobalSection
	GlobalSection(SolutionProperties) = preSolution
		HideSolutionNode = FALSE
	EndGlobalSection
	GlobalSection(NestedProjects) = preSolution
		{BB550067-E9DC-46F4-BE95-ED2E89DC16D6} = {AE3522F8-28A5-4AFE-BD0C-E9CB5850E445}
		{EDBC680F-92EC-4F08-869E-3595AE3C7FD6} = {4C54E6DD-815D-435A-BBF1-B3D940BDF336}
		{B8F543D6-A666-431C-B355-A0CFCA45AF47} = {AE3522F8-28A5-4AFE-BD0C-E9CB5850E445}
		{89F9013D-3E45-4FE1-864A-DF9758C9FDFE} = {AE3522F8-28A5-4AFE-BD0C-E9CB5850E445}
	EndGlobalSection
	GlobalSection(ExtensibilityGlobals) = postSolution
		SolutionGuid = {3EB1274F-687D-4225-8550-F408CC14CD9C}
	EndGlobalSection
EndGlobal
