
Microsoft Visual Studio Solution File, Format Version 12.00
# Visual Studio Version 16
VisualStudioVersion = 16.0.32126.315
MinimumVisualStudioVersion = 10.0.40219.1
Project("{9A19103F-16F7-4668-BE54-9A1E7A4F7556}") = "SGVE", "SGVE\SGVE.csproj", "{2C34C19A-16C2-4809-A237-DE9312E0DC48}"
EndProject
Project("{9A19103F-16F7-4668-BE54-9A1E7A4F7556}") = "SGVE-api", "SGVE-api\SGVE-api.csproj", "{C36D9655-034E-42AF-B8D5-4B3FCDE0EB56}"
EndProject
Global
	GlobalSection(SolutionConfigurationPlatforms) = preSolution
		Debug|Any CPU = Debug|Any CPU
		Release|Any CPU = Release|Any CPU
	EndGlobalSection
	GlobalSection(ProjectConfigurationPlatforms) = postSolution
		{2C34C19A-16C2-4809-A237-DE9312E0DC48}.Debug|Any CPU.ActiveCfg = Debug|Any CPU
		{2C34C19A-16C2-4809-A237-DE9312E0DC48}.Debug|Any CPU.Build.0 = Debug|Any CPU
		{2C34C19A-16C2-4809-A237-DE9312E0DC48}.Release|Any CPU.ActiveCfg = Release|Any CPU
		{2C34C19A-16C2-4809-A237-DE9312E0DC48}.Release|Any CPU.Build.0 = Release|Any CPU
		{C36D9655-034E-42AF-B8D5-4B3FCDE0EB56}.Debug|Any CPU.ActiveCfg = Debug|Any CPU
		{C36D9655-034E-42AF-B8D5-4B3FCDE0EB56}.Debug|Any CPU.Build.0 = Debug|Any CPU
		{C36D9655-034E-42AF-B8D5-4B3FCDE0EB56}.Release|Any CPU.ActiveCfg = Release|Any CPU
		{C36D9655-034E-42AF-B8D5-4B3FCDE0EB56}.Release|Any CPU.Build.0 = Release|Any CPU
	EndGlobalSection
	GlobalSection(SolutionProperties) = preSolution
		HideSolutionNode = FALSE
	EndGlobalSection
	GlobalSection(ExtensibilityGlobals) = postSolution
		SolutionGuid = {2F53B993-9201-479B-BE77-290E4BA85964}
	EndGlobalSection
EndGlobal
